
Microsoft Visual Studio Solution File, Format Version 12.00
# Visual Studio 14
VisualStudioVersion = 14.0.25420.1
MinimumVisualStudioVersion = 10.0.40219.1
Project("{FAE04EC0-301F-11D3-BF4B-00C04F79EFBC}") = "Task2", "Task2\Task2.csproj", "{A3014CEE-EB3A-45EA-8BC6-1BAF758A9DC2}"
EndProject
Project("{FAE04EC0-301F-11D3-BF4B-00C04F79EFBC}") = "Task1", "Task1\Task1.csproj", "{2D9242C5-C9D4-49D3-B61E-42ACDEEC26B2}"
EndProject
Project("{FAE04EC0-301F-11D3-BF4B-00C04F79EFBC}") = "Task3", "Task3\Task3.csproj", "{48ECBE75-BD3B-4027-AB3D-ABDCA2D52B6D}"
EndProject
Global
	GlobalSection(SolutionConfigurationPlatforms) = preSolution
		Debug|Any CPU = Debug|Any CPU
		Release|Any CPU = Release|Any CPU
	EndGlobalSection
	GlobalSection(ProjectConfigurationPlatforms) = postSolution
		{A3014CEE-EB3A-45EA-8BC6-1BAF758A9DC2}.Debug|Any CPU.ActiveCfg = Debug|Any CPU
		{A3014CEE-EB3A-45EA-8BC6-1BAF758A9DC2}.Debug|Any CPU.Build.0 = Debug|Any CPU
		{A3014CEE-EB3A-45EA-8BC6-1BAF758A9DC2}.Release|Any CPU.ActiveCfg = Release|Any CPU
		{A3014CEE-EB3A-45EA-8BC6-1BAF758A9DC2}.Release|Any CPU.Build.0 = Release|Any CPU
		{2D9242C5-C9D4-49D3-B61E-42ACDEEC26B2}.Debug|Any CPU.ActiveCfg = Debug|Any CPU
		{2D9242C5-C9D4-49D3-B61E-42ACDEEC26B2}.Debug|Any CPU.Build.0 = Debug|Any CPU
		{2D9242C5-C9D4-49D3-B61E-42ACDEEC26B2}.Release|Any CPU.ActiveCfg = Release|Any CPU
		{2D9242C5-C9D4-49D3-B61E-42ACDEEC26B2}.Release|Any CPU.Build.0 = Release|Any CPU
		{48ECBE75-BD3B-4027-AB3D-ABDCA2D52B6D}.Debug|Any CPU.ActiveCfg = Debug|Any CPU
		{48ECBE75-BD3B-4027-AB3D-ABDCA2D52B6D}.Debug|Any CPU.Build.0 = Debug|Any CPU
		{48ECBE75-BD3B-4027-AB3D-ABDCA2D52B6D}.Release|Any CPU.ActiveCfg = Release|Any CPU
		{48ECBE75-BD3B-4027-AB3D-ABDCA2D52B6D}.Release|Any CPU.Build.0 = Release|Any CPU
	EndGlobalSection
	GlobalSection(SolutionProperties) = preSolution
		HideSolutionNode = FALSE
	EndGlobalSection
EndGlobal
